
Microsoft Visual Studio Solution File, Format Version 12.00
# Visual Studio Version 17
VisualStudioVersion = 17.0.32014.148
MinimumVisualStudioVersion = 10.0.40219.1
Project("{9A19103F-16F7-4668-BE54-9A1E7A4F7556}") = "PagedNinja.Persistence", "PagedNinja.Persistence\PagedNinja.Persistence.csproj", "{54FB0104-F01D-479A-A5E3-C53873FAF536}"
EndProject
Project("{9A19103F-16F7-4668-BE54-9A1E7A4F7556}") = "PagedNinja.Core", "PagedNinja.Core\PagedNinja.Core.csproj", "{8CEB0A69-A5F8-4C1C-8EAA-411AD2719AB0}"
EndProject
Project("{9A19103F-16F7-4668-BE54-9A1E7A4F7556}") = "PagedNinja.Web", "PagedNinja.Web\PagedNinja.Web.csproj", "{CCD7193A-F73F-421C-B670-EB79788484B7}"
EndProject
Global
	GlobalSection(SolutionConfigurationPlatforms) = preSolution
		Debug|Any CPU = Debug|Any CPU
		Debug|x64 = Debug|x64
		Debug|x86 = Debug|x86
		Release|Any CPU = Release|Any CPU
		Release|x64 = Release|x64
		Release|x86 = Release|x86
	EndGlobalSection
	GlobalSection(ProjectConfigurationPlatforms) = postSolution
		{54FB0104-F01D-479A-A5E3-C53873FAF536}.Debug|Any CPU.ActiveCfg = Debug|Any CPU
		{54FB0104-F01D-479A-A5E3-C53873FAF536}.Debug|Any CPU.Build.0 = Debug|Any CPU
		{54FB0104-F01D-479A-A5E3-C53873FAF536}.Debug|x64.ActiveCfg = Debug|Any CPU
		{54FB0104-F01D-479A-A5E3-C53873FAF536}.Debug|x64.Build.0 = Debug|Any CPU
		{54FB0104-F01D-479A-A5E3-C53873FAF536}.Debug|x86.ActiveCfg = Debug|Any CPU
		{54FB0104-F01D-479A-A5E3-C53873FAF536}.Debug|x86.Build.0 = Debug|Any CPU
		{54FB0104-F01D-479A-A5E3-C53873FAF536}.Release|Any CPU.ActiveCfg = Release|Any CPU
		{54FB0104-F01D-479A-A5E3-C53873FAF536}.Release|Any CPU.Build.0 = Release|Any CPU
		{54FB0104-F01D-479A-A5E3-C53873FAF536}.Release|x64.ActiveCfg = Release|Any CPU
		{54FB0104-F01D-479A-A5E3-C53873FAF536}.Release|x64.Build.0 = Release|Any CPU
		{54FB0104-F01D-479A-A5E3-C53873FAF536}.Release|x86.ActiveCfg = Release|Any CPU
		{54FB0104-F01D-479A-A5E3-C53873FAF536}.Release|x86.Build.0 = Release|Any CPU
		{8CEB0A69-A5F8-4C1C-8EAA-411AD2719AB0}.Debug|Any CPU.ActiveCfg = Debug|Any CPU
		{8CEB0A69-A5F8-4C1C-8EAA-411AD2719AB0}.Debug|Any CPU.Build.0 = Debug|Any CPU
		{8CEB0A69-A5F8-4C1C-8EAA-411AD2719AB0}.Debug|x64.ActiveCfg = Debug|Any CPU
		{8CEB0A69-A5F8-4C1C-8EAA-411AD2719AB0}.Debug|x64.Build.0 = Debug|Any CPU
		{8CEB0A69-A5F8-4C1C-8EAA-411AD2719AB0}.Debug|x86.ActiveCfg = Debug|Any CPU
		{8CEB0A69-A5F8-4C1C-8EAA-411AD2719AB0}.Debug|x86.Build.0 = Debug|Any CPU
		{8CEB0A69-A5F8-4C1C-8EAA-411AD2719AB0}.Release|Any CPU.ActiveCfg = Release|Any CPU
		{8CEB0A69-A5F8-4C1C-8EAA-411AD2719AB0}.Release|Any CPU.Build.0 = Release|Any CPU
		{8CEB0A69-A5F8-4C1C-8EAA-411AD2719AB0}.Release|x64.ActiveCfg = Release|Any CPU
		{8CEB0A69-A5F8-4C1C-8EAA-411AD2719AB0}.Release|x64.Build.0 = Release|Any CPU
		{8CEB0A69-A5F8-4C1C-8EAA-411AD2719AB0}.Release|x86.ActiveCfg = Release|Any CPU
		{8CEB0A69-A5F8-4C1C-8EAA-411AD2719AB0}.Release|x86.Build.0 = Release|Any CPU
		{CCD7193A-F73F-421C-B670-EB79788484B7}.Debug|Any CPU.ActiveCfg = Debug|Any CPU
		{CCD7193A-F73F-421C-B670-EB79788484B7}.Debug|Any CPU.Build.0 = Debug|Any CPU
		{CCD7193A-F73F-421C-B670-EB79788484B7}.Debug|x64.ActiveCfg = Debug|Any CPU
		{CCD7193A-F73F-421C-B670-EB79788484B7}.Debug|x64.Build.0 = Debug|Any CPU
		{CCD7193A-F73F-421C-B670-EB79788484B7}.Debug|x86.ActiveCfg = Debug|Any CPU
		{CCD7193A-F73F-421C-B670-EB79788484B7}.Debug|x86.Build.0 = Debug|Any CPU
		{CCD7193A-F73F-421C-B670-EB79788484B7}.Release|Any CPU.ActiveCfg = Release|Any CPU
		{CCD7193A-F73F-421C-B670-EB79788484B7}.Release|Any CPU.Build.0 = Release|Any CPU
		{CCD7193A-F73F-421C-B670-EB79788484B7}.Release|x64.ActiveCfg = Release|Any CPU
		{CCD7193A-F73F-421C-B670-EB79788484B7}.Release|x64.Build.0 = Release|Any CPU
		{CCD7193A-F73F-421C-B670-EB79788484B7}.Release|x86.ActiveCfg = Release|Any CPU
		{CCD7193A-F73F-421C-B670-EB79788484B7}.Release|x86.Build.0 = Release|Any CPU
	EndGlobalSection
	GlobalSection(SolutionProperties) = preSolution
		HideSolutionNode = FALSE
	EndGlobalSection
	GlobalSection(ExtensibilityGlobals) = postSolution
		SolutionGuid = {DBD702ED-7D21-45A3-8876-1C48B656AD35}
	EndGlobalSection
EndGlobal
